
Microsoft Visual Studio Solution File, Format Version 12.00
# Visual Studio Version 17
VisualStudioVersion = 17.5.33530.505
MinimumVisualStudioVersion = 10.0.40219.1
Project("{FAE04EC0-301F-11D3-BF4B-00C04F79EFBC}") = "MathGame", "MathGame\MathGame.csproj", "{824A2746-003D-469E-9A6E-5BBB032CFF69}"
EndProject
Global
	GlobalSection(SolutionConfigurationPlatforms) = preSolution
		Debug|Any CPU = Debug|Any CPU
		Release|Any CPU = Release|Any CPU
	EndGlobalSection
	GlobalSection(ProjectConfigurationPlatforms) = postSolution
		{824A2746-003D-469E-9A6E-5BBB032CFF69}.Debug|Any CPU.ActiveCfg = Debug|Any CPU
		{824A2746-003D-469E-9A6E-5BBB032CFF69}.Debug|Any CPU.Build.0 = Debug|Any CPU
		{824A2746-003D-469E-9A6E-5BBB032CFF69}.Release|Any CPU.ActiveCfg = Release|Any CPU
		{824A2746-003D-469E-9A6E-5BBB032CFF69}.Release|Any CPU.Build.0 = Release|Any CPU
	EndGlobalSection
	GlobalSection(SolutionProperties) = preSolution
		HideSolutionNode = FALSE
	EndGlobalSection
	GlobalSection(ExtensibilityGlobals) = postSolution
		SolutionGuid = {E121AD29-67BE-46BD-B6D7-F91653D9C22C}
	EndGlobalSection
EndGlobal
